{
  "nodes": {
    "nixpkgs": {
      "locked": {
        "lastModified": 1711523803,
        "narHash": "sha256-UKcYiHWHQynzj6CN/vTcix4yd1eCu1uFdsuarupdCQQ=",
        "owner": "NixOS",
        "repo": "nixpkgs",
        "rev": "2726f127c15a4cc9810843b96cad73c7eb39e443",
        "type": "github"
      },
      "original": {
        "owner": "NixOS",
        "ref": "nixos-unstable",
        "repo": "nixpkgs",
        "type": "github"
      }
    },
    "pymp4": {
      "flake": false,
      "locked": {
        "lastModified": 1711675863,
        "narHash": "sha256-3QHq4jOWKnmsrt547kX1oBgsfRy0Co+B0Ape2OiTcz0=",
        "owner": "xrun1",
        "repo": "pymp4",
        "rev": "3045508aa811447ab4f09f04221dbbc082f19bd3",
        "type": "github"
      },
      "original": {
        "owner": "xrun1",
        "ref": "construct-2.10-patch",
        "repo": "pymp4",
        "type": "github"
      }
    },
    "root": {
      "inputs": {
        "nixpkgs": "nixpkgs",
        "pymp4": "pymp4"
      }
    }
  },
  "root": "root",
  "version": 7
}
