{
  "nodes": {
    "construct": {
      "flake": false,
      "locked": {
        "lastModified": 1645484404,
        "narHash": "sha256-bp/YyRFP0rrBHPyhiqnn6o1iC5l61oedShZ2phGeqaw=",
        "owner": "construct",
        "repo": "construct",
        "rev": "a6603d7821480fb5a4e6665c6fd8028ce574c4bd",
        "type": "github"
      },
      "original": {
        "owner": "construct",
        "repo": "construct",
        "rev": "a6603d7821480fb5a4e6665c6fd8028ce574c4bd",
        "type": "github"
      }
    },
    "flake-utils": {
      "inputs": {
        "systems": "systems"
      },
      "locked": {
        "lastModified": 1710146030,
        "narHash": "sha256-SZ5L6eA7HJ/nmkzGG7/ISclqe6oZdOZTNoesiInkXPQ=",
        "owner": "numtide",
        "repo": "flake-utils",
        "rev": "b1d9ab70662946ef0850d488da1c9019f3a9752a",
        "type": "github"
      },
      "original": {
        "owner": "numtide",
        "repo": "flake-utils",
        "type": "github"
      }
    },
    "nixpkgs": {
      "locked": {
        "lastModified": 1720624466,
        "narHash": "sha256-b3Yem2S8s76JIhVoUuEUaUi84mIodc5QeDy14SyHFq0=",
        "owner": "NixOS",
        "repo": "nixpkgs",
        "rev": "1391bde057e38db080c795764c428e44f7b35af4",
        "type": "github"
      },
      "original": {
        "owner": "NixOS",
        "ref": "master",
        "repo": "nixpkgs",
        "type": "github"
      }
    },
    "pymp4": {
      "flake": false,
      "locked": {
        "lastModified": 1691392581,
        "narHash": "sha256-tPIbehjYHg5+S62sorsWow+u/eBkqJYf6xMI8q4vEgY=",
        "owner": "devine-dl",
        "repo": "pymp4",
        "rev": "33dc5d620f361cb49d713b60dcb2686ab8696f91",
        "type": "github"
      },
      "original": {
        "owner": "devine-dl",
        "ref": "construct-2.10-patch",
        "repo": "pymp4",
        "type": "github"
      }
    },
    "root": {
      "inputs": {
        "construct": "construct",
        "flake-utils": "flake-utils",
        "nixpkgs": "nixpkgs",
        "pymp4": "pymp4"
      }
    },
    "systems": {
      "locked": {
        "lastModified": 1681028828,
        "narHash": "sha256-Vy1rq5AaRuLzOxct8nz4T6wlgyUR7zLU309k9mBC768=",
        "owner": "nix-systems",
        "repo": "default",
        "rev": "da67096a3b9bf56a91d16901293e51ba5b49a27e",
        "type": "github"
      },
      "original": {
        "owner": "nix-systems",
        "repo": "default",
        "type": "github"
      }
    }
  },
  "root": "root",
  "version": 7
}
